PATH
  remote: .
  specs:
    baseline (1.0.0)
      zeitwerk

GEM
  remote: https://rubygems.org/
  specs:
    zeitwerk (2.7.5)

PLATFORMS
  arm64-darwin
  x86_64-linux

DEPENDENCIES
  baseline!

CHECKSUMS
  baseline (1.0.0)
  zeitwerk (2.7.5) sha256=d8da92128c09ea6ec62c949011b00ed4a20242b255293dd66bf41545398f73dd

RUBY VERSION
  ruby 4.0.1

BUNDLED WITH
  4.0.3
